{
  "name": "civix",
  "version": "0.0.0",
  "lockfileVersion": 3,
  "requires": true,
  "packages": {
    "": {
      "name": "civix",
      "version": "0.0.0",
      "dependencies": {
        "next": "14.2.5",
        "react": "18.2.0",
        "react-dom": "18.2.0"
      },
      "devDependencies": {
        "@types/react": "18.2.66",
        "@types/react-dom": "18.2.22",
        "typescript": "5.4.5"
      }
    },
    "node_modules/@types/react": {
      "version": "18.2.66"
    },
    "node_modules/@types/react-dom": {
      "version": "18.2.22"
    },
    "node_modules/next": {
      "version": "14.2.5"
    },
    "node_modules/react": {
      "version": "18.2.0"
    },
    "node_modules/react-dom": {
      "version": "18.2.0"
    },
    "node_modules/typescript": {
      "version": "5.4.5"
    }
  }
}
